
Microsoft Visual Studio Solution File, Format Version 12.00
# Visual Studio Version 17
VisualStudioVersion = 17.9.34902.65
MinimumVisualStudioVersion = 10.0.40219.1
Project("{9A19103F-16F7-4668-BE54-9A1E7A4F7556}") = "MetaApi", "MetaApi\MetaApi.csproj", "{784EC042-3373-4601-A649-70FA3834AF77}"
EndProject
Project("{FAE04EC0-301F-11D3-BF4B-00C04F79EFBC}") = "MetaApi.SqlServer", "MetaApi.SqlServer\MetaApi.SqlServer.csproj", "{89A8A71F-56B5-438D-8B65-CF192E8D2D48}"
EndProject
Global
	GlobalSection(SolutionConfigurationPlatforms) = preSolution
		Debug|Any CPU = Debug|Any CPU
		Release|Any CPU = Release|Any CPU
	EndGlobalSection
	GlobalSection(ProjectConfigurationPlatforms) = postSolution
		{784EC042-3373-4601-A649-70FA3834AF77}.Debug|Any CPU.ActiveCfg = Debug|Any CPU
		{784EC042-3373-4601-A649-70FA3834AF77}.Debug|Any CPU.Build.0 = Debug|Any CPU
		{784EC042-3373-4601-A649-70FA3834AF77}.Release|Any CPU.ActiveCfg = Release|Any CPU
		{784EC042-3373-4601-A649-70FA3834AF77}.Release|Any CPU.Build.0 = Release|Any CPU
		{89A8A71F-56B5-438D-8B65-CF192E8D2D48}.Debug|Any CPU.ActiveCfg = Debug|Any CPU
		{89A8A71F-56B5-438D-8B65-CF192E8D2D48}.Debug|Any CPU.Build.0 = Debug|Any CPU
		{89A8A71F-56B5-438D-8B65-CF192E8D2D48}.Release|Any CPU.ActiveCfg = Release|Any CPU
		{89A8A71F-56B5-438D-8B65-CF192E8D2D48}.Release|Any CPU.Build.0 = Release|Any CPU
	EndGlobalSection
	GlobalSection(SolutionProperties) = preSolution
		HideSolutionNode = FALSE
	EndGlobalSection
	GlobalSection(ExtensibilityGlobals) = postSolution
		SolutionGuid = {87F41DB8-BC1B-42ED-98AD-C28A6DF2E0DA}
	EndGlobalSection
EndGlobal
