
Microsoft Visual Studio Solution File, Format Version 12.00
# Visual Studio Version 17
VisualStudioVersion = 17.9.34902.65
MinimumVisualStudioVersion = 10.0.40219.1
Project("{9A19103F-16F7-4668-BE54-9A1E7A4F7556}") = "MetaApi", "MetaApi\MetaApi.csproj", "{784EC042-3373-4601-A649-70FA3834AF77}"
EndProject
Project("{9A19103F-16F7-4668-BE54-9A1E7A4F7556}") = "MetaApi.SqlServer", "MetaApi.SqlServer\MetaApi.SqlServer.csproj", "{89A8A71F-56B5-438D-8B65-CF192E8D2D48}"
EndProject
Project("{FAE04EC0-301F-11D3-BF4B-00C04F79EFBC}") = "MetaApi.Core", "MetaApi.Core\MetaApi.Core.csproj", "{3F9E2B5C-5F82-46E5-805A-3EF5AC1FF8F2}"
EndProject
Project("{FAE04EC0-301F-11D3-BF4B-00C04F79EFBC}") = "Meta.Monitoring", "Meta.Monitoring\Meta.Monitoring.csproj", "{9D0BCD48-354E-406D-BA0D-0FF504E85E52}"
EndProject
Project("{2150E333-8FDC-42A3-9474-1A3956D46DE8}") = "tests", "tests", "{02EA681E-C7D8-13C7-8484-4AC65E1B71E8}"
EndProject
Project("{FAE04EC0-301F-11D3-BF4B-00C04F79EFBC}") = "MetaApi.UnitTests", "tests\MetaApi.UnitTests\MetaApi.UnitTests.csproj", "{5718AD37-711D-4416-BCF9-E4D4DF58B9ED}"
EndProject
Global
	GlobalSection(SolutionConfigurationPlatforms) = preSolution
		Debug|Any CPU = Debug|Any CPU
		Release|Any CPU = Release|Any CPU
	EndGlobalSection
	GlobalSection(ProjectConfigurationPlatforms) = postSolution
		{784EC042-3373-4601-A649-70FA3834AF77}.Debug|Any CPU.ActiveCfg = Debug|Any CPU
		{784EC042-3373-4601-A649-70FA3834AF77}.Debug|Any CPU.Build.0 = Debug|Any CPU
		{784EC042-3373-4601-A649-70FA3834AF77}.Release|Any CPU.ActiveCfg = Release|Any CPU
		{784EC042-3373-4601-A649-70FA3834AF77}.Release|Any CPU.Build.0 = Release|Any CPU
		{89A8A71F-56B5-438D-8B65-CF192E8D2D48}.Debug|Any CPU.ActiveCfg = Debug|Any CPU
		{89A8A71F-56B5-438D-8B65-CF192E8D2D48}.Debug|Any CPU.Build.0 = Debug|Any CPU
		{89A8A71F-56B5-438D-8B65-CF192E8D2D48}.Release|Any CPU.ActiveCfg = Release|Any CPU
		{89A8A71F-56B5-438D-8B65-CF192E8D2D48}.Release|Any CPU.Build.0 = Release|Any CPU
		{3F9E2B5C-5F82-46E5-805A-3EF5AC1FF8F2}.Debug|Any CPU.ActiveCfg = Debug|Any CPU
		{3F9E2B5C-5F82-46E5-805A-3EF5AC1FF8F2}.Debug|Any CPU.Build.0 = Debug|Any CPU
		{3F9E2B5C-5F82-46E5-805A-3EF5AC1FF8F2}.Release|Any CPU.ActiveCfg = Release|Any CPU
		{3F9E2B5C-5F82-46E5-805A-3EF5AC1FF8F2}.Release|Any CPU.Build.0 = Release|Any CPU
		{9D0BCD48-354E-406D-BA0D-0FF504E85E52}.Debug|Any CPU.ActiveCfg = Debug|Any CPU
		{9D0BCD48-354E-406D-BA0D-0FF504E85E52}.Debug|Any CPU.Build.0 = Debug|Any CPU
		{9D0BCD48-354E-406D-BA0D-0FF504E85E52}.Release|Any CPU.ActiveCfg = Release|Any CPU
		{9D0BCD48-354E-406D-BA0D-0FF504E85E52}.Release|Any CPU.Build.0 = Release|Any CPU
		{5718AD37-711D-4416-BCF9-E4D4DF58B9ED}.Debug|Any CPU.ActiveCfg = Debug|Any CPU
		{5718AD37-711D-4416-BCF9-E4D4DF58B9ED}.Debug|Any CPU.Build.0 = Debug|Any CPU
		{5718AD37-711D-4416-BCF9-E4D4DF58B9ED}.Release|Any CPU.ActiveCfg = Release|Any CPU
		{5718AD37-711D-4416-BCF9-E4D4DF58B9ED}.Release|Any CPU.Build.0 = Release|Any CPU
	EndGlobalSection
	GlobalSection(SolutionProperties) = preSolution
		HideSolutionNode = FALSE
	EndGlobalSection
	GlobalSection(NestedProjects) = preSolution
		{5718AD37-711D-4416-BCF9-E4D4DF58B9ED} = {02EA681E-C7D8-13C7-8484-4AC65E1B71E8}
	EndGlobalSection
	GlobalSection(ExtensibilityGlobals) = postSolution
		SolutionGuid = {87F41DB8-BC1B-42ED-98AD-C28A6DF2E0DA}
	EndGlobalSection
EndGlobal
